{
  "nodes": {
    "flake-compat": {
      "flake": false,
      "locked": {
        "lastModified": 1767039857,
        "narHash": "sha256-vNpUSpF5Nuw8xvDLj2KCwwksIbjua2LZCqhV1LNRDns=",
        "owner": "NixOS",
        "repo": "flake-compat",
        "rev": "5edf11c44bc78a0d334f6334cdaf7d60d732daab",
        "type": "github"
      },
      "original": {
        "owner": "NixOS",
        "repo": "flake-compat",
        "type": "github"
      }
    },
    "flake-parts": {
      "inputs": {
        "nixpkgs-lib": [
          "nixpkgs"
        ]
      },
      "locked": {
        "lastModified": 1782949081,
        "narHash": "sha256-vp6Y/Grm98ESt6ceOkWiHWyZRDV3J1RID4w+6NWK9yA=",
        "owner": "hercules-ci",
        "repo": "flake-parts",
        "rev": "17c9d6cdfc60c64f4ee8d306f9bc0b4ccb51481e",
        "type": "github"
      },
      "original": {
        "owner": "hercules-ci",
        "repo": "flake-parts",
        "type": "github"
      }
    },
    "git-hooks": {
      "inputs": {
        "flake-compat": "flake-compat",
        "nixpkgs": [
          "rustowl-flake",
          "nixpkgs"
        ]
      },
      "locked": {
        "lastModified": 1783008725,
        "narHash": "sha256-jGiy6+sxjNWXSjp25uoJuNfyH9zBK1PEDY0lVoL4ibQ=",
        "owner": "cachix",
        "repo": "git-hooks.nix",
        "rev": "bca82caa46d5ec0f5d422c61fb1e30bc51313cbe",
        "type": "github"
      },
      "original": {
        "owner": "cachix",
        "repo": "git-hooks.nix",
        "type": "github"
      }
    },
    "neotest-nix": {
      "inputs": {
        "flake-parts": [
          "flake-parts"
        ],
        "nixpkgs": [
          "nixpkgs"
        ]
      },
      "locked": {
        "lastModified": 1783549773,
        "narHash": "sha256-+5iS1YzsKK1gDTvLOLM1T+aYud/yW+K+b4gmi7k/2Po=",
        "owner": "khaneliman",
        "repo": "neotest-nix",
        "rev": "b61774dcb3e0d93af07c55de608775b8eb013fc7",
        "type": "github"
      },
      "original": {
        "owner": "khaneliman",
        "repo": "neotest-nix",
        "type": "github"
      }
    },
    "neovim-nightly-overlay": {
      "inputs": {
        "flake-parts": [
          "flake-parts"
        ],
        "neovim-src": "neovim-src",
        "nixpkgs": [
          "nixpkgs"
        ]
      },
      "locked": {
        "lastModified": 1783814585,
        "narHash": "sha256-xJYKRfI7kK/h08q5iVi9baAWe9Tx/zHkF+sW97g5aHg=",
        "owner": "nix-community",
        "repo": "neovim-nightly-overlay",
        "rev": "f27953eea28eb3a0bf58d84e8d51f65b1dfed481",
        "type": "github"
      },
      "original": {
        "owner": "nix-community",
        "repo": "neovim-nightly-overlay",
        "type": "github"
      }
    },
    "neovim-src": {
      "flake": false,
      "locked": {
        "lastModified": 1783808427,
        "narHash": "sha256-apvyZdfVD8K271Fe8qb8P2dJB1sGw1lts2js6adUgL8=",
        "owner": "neovim",
        "repo": "neovim",
        "rev": "41294e42533daf937410b6285e20a7c0a898f9a8",
        "type": "github"
      },
      "original": {
        "owner": "neovim",
        "repo": "neovim",
        "type": "github"
      }
    },
    "nixpkgs": {
      "locked": {
        "lastModified": 1783816212,
        "narHash": "sha256-2aZisVTVGSFEk3MYcOiWQp3zvwyzbqpktB69Rcfp150=",
        "owner": "nixos",
        "repo": "nixpkgs",
        "rev": "3b32825de172d0bc85664f495edb096b10862524",
        "type": "github"
      },
      "original": {
        "owner": "nixos",
        "ref": "nixpkgs-unstable",
        "repo": "nixpkgs",
        "type": "github"
      }
    },
    "nixpkgs-master": {
      "locked": {
        "lastModified": 1783900866,
        "narHash": "sha256-lCxkgB2Qkr+t7S7NJDLzP9n1Nec/9FgkFSJQfNYEov4=",
        "owner": "nixos",
        "repo": "nixpkgs",
        "rev": "bdbb37bff4466dad773d8bac2b80615de527b19e",
        "type": "github"
      },
      "original": {
        "owner": "nixos",
        "repo": "nixpkgs",
        "type": "github"
      }
    },
    "nixvim": {
      "inputs": {
        "flake-parts": [
          "flake-parts"
        ],
        "nixpkgs": [
          "nixpkgs"
        ],
        "systems": "systems"
      },
      "locked": {
        "lastModified": 1783869492,
        "narHash": "sha256-47qs7UofgjxU6m7c90RycaHjvEXnVM5DeVEAtaPVPUA=",
        "owner": "nix-community",
        "repo": "nixvim",
        "rev": "4ef28e447b9003b67ff7fa9488a3be93c43312db",
        "type": "github"
      },
      "original": {
        "owner": "nix-community",
        "repo": "nixvim",
        "type": "github"
      }
    },
    "pkgs-by-name-for-flake-parts": {
      "locked": {
        "lastModified": 1769286518,
        "narHash": "sha256-F7VlUICvYp2wJKyQqM6d46BNEZCzMQ6dMH9zbmjuybc=",
        "owner": "drupol",
        "repo": "pkgs-by-name-for-flake-parts",
        "rev": "7ba1cd4a9a72c9c6c272018a63f090f2c912a171",
        "type": "github"
      },
      "original": {
        "owner": "drupol",
        "repo": "pkgs-by-name-for-flake-parts",
        "type": "github"
      }
    },
    "root": {
      "inputs": {
        "flake-parts": "flake-parts",
        "neotest-nix": "neotest-nix",
        "neovim-nightly-overlay": "neovim-nightly-overlay",
        "nixpkgs": "nixpkgs",
        "nixpkgs-master": "nixpkgs-master",
        "nixvim": "nixvim",
        "pkgs-by-name-for-flake-parts": "pkgs-by-name-for-flake-parts",
        "rustowl-flake": "rustowl-flake"
      }
    },
    "rust-overlay": {
      "inputs": {
        "nixpkgs": [
          "nixpkgs"
        ]
      },
      "locked": {
        "lastModified": 1783747106,
        "narHash": "sha256-KlepQu/O5m11lAjcJ4ER5bc6bIzyX2UMPDARzMzQfIw=",
        "owner": "oxalica",
        "repo": "rust-overlay",
        "rev": "e598b37857b895b81020a65a802ef55f5bbed72f",
        "type": "github"
      },
      "original": {
        "owner": "oxalica",
        "repo": "rust-overlay",
        "type": "github"
      }
    },
    "rustowl": {
      "flake": false,
      "locked": {
        "lastModified": 1783329970,
        "narHash": "sha256-mmdy6uGxbKevikzA1VXxm4QNq8BsQFqaU2HcQqz8Prw=",
        "owner": "cordx56",
        "repo": "rustowl",
        "rev": "c879c40c08d5ef3a559b95d22bb75b15bbe88eed",
        "type": "github"
      },
      "original": {
        "owner": "cordx56",
        "repo": "rustowl",
        "type": "github"
      }
    },
    "rustowl-flake": {
      "inputs": {
        "flake-parts": [
          "flake-parts"
        ],
        "git-hooks": "git-hooks",
        "nixpkgs": [
          "nixpkgs"
        ],
        "rust-overlay": "rust-overlay",
        "rustowl": "rustowl"
      },
      "locked": {
        "lastModified": 1783822478,
        "narHash": "sha256-5O0MfOT0SKas18cW5ubK8NqpFaeENtV0rctUG/WaFNc=",
        "owner": "nix-community",
        "repo": "rustowl-flake",
        "rev": "1b7fe3911e6e11362e5723f9ca216cd801c376c6",
        "type": "github"
      },
      "original": {
        "owner": "nix-community",
        "repo": "rustowl-flake",
        "type": "github"
      }
    },
    "systems": {
      "locked": {
        "lastModified": 1774449309,
        "narHash": "sha256-brhZ8DmuGtzkCYHJg4HEd602amKm89Y9ytsFZ5uWD1w=",
        "owner": "nix-systems",
        "repo": "default",
        "rev": "c29398b59d2048c4ab79345812849c9bd15e9150",
        "type": "github"
      },
      "original": {
        "owner": "nix-systems",
        "ref": "future-26.11",
        "repo": "default",
        "type": "github"
      }
    }
  },
  "root": "root",
  "version": 7
}
